
Microsoft Visual Studio Solution File, Format Version 12.00
# Visual Studio Version 16
VisualStudioVersion = 16.0.30523.141
MinimumVisualStudioVersion = 10.0.40219.1
Project("{FAE04EC0-301F-11D3-BF4B-00C04F79EFBC}") = "SEH_TestApplication", "SEH_TestApplication.csproj", "{5E46096F-DEB6-4848-9ECA-E38268D4490C}"
EndProject
Global
	GlobalSection(SolutionConfigurationPlatforms) = preSolution
		Debug|Any CPU = Debug|Any CPU
		Release|Any CPU = Release|Any CPU
	EndGlobalSection
	GlobalSection(ProjectConfigurationPlatforms) = postSolution
		{5E46096F-DEB6-4848-9ECA-E38268D4490C}.Debug|Any CPU.ActiveCfg = Debug|Any CPU
		{5E46096F-DEB6-4848-9ECA-E38268D4490C}.Debug|Any CPU.Build.0 = Debug|Any CPU
		{5E46096F-DEB6-4848-9ECA-E38268D4490C}.Release|Any CPU.ActiveCfg = Release|Any CPU
		{5E46096F-DEB6-4848-9ECA-E38268D4490C}.Release|Any CPU.Build.0 = Release|Any CPU
	EndGlobalSection
	GlobalSection(SolutionProperties) = preSolution
		HideSolutionNode = FALSE
	EndGlobalSection
	GlobalSection(ExtensibilityGlobals) = postSolution
		SolutionGuid = {64BB6DBC-B395-4569-853D-EFFCEBBE25C5}
	EndGlobalSection
EndGlobal
